
Microsoft Visual Studio Solution File, Format Version 12.00
# Visual Studio Version 17
VisualStudioVersion = 17.4.33122.133
MinimumVisualStudioVersion = 10.0.40219.1
Project("{9A19103F-16F7-4668-BE54-9A1E7A4F7556}") = "ASPNETCORETemplate", "ASPNETCORETemplate\ASPNETCORETemplate.csproj", "{C9023843-DBF5-4057-847C-B55D1733111F}"
EndProject
Project("{9A19103F-16F7-4668-BE54-9A1E7A4F7556}") = "MVCCoreProject", "MVCCoreProject\MVCCoreProject.csproj", "{08698562-D053-4D37-BB65-55670632C072}"
EndProject
Project("{9A19103F-16F7-4668-BE54-9A1E7A4F7556}") = "ViewsDemo", "ViewsDemo\ViewsDemo.csproj", "{3AE10985-BD00-4F39-9497-A462A6DD8F85}"
EndProject
Project("{9A19103F-16F7-4668-BE54-9A1E7A4F7556}") = "MvcTasks", "MvcTasks\MvcTasks.csproj", "{EBAFF7E5-8966-46D8-B901-7363EAD6EAA4}"
EndProject
Project("{9A19103F-16F7-4668-BE54-9A1E7A4F7556}") = "DataPassingTechniquesDemo", "DataPassingTechniquesDemo\DataPassingTechniquesDemo.csproj", "{D3CA8690-E345-422A-8756-07495C3D5171}"
EndProject
Project("{9A19103F-16F7-4668-BE54-9A1E7A4F7556}") = "ValidationsDemo", "ValidationsDemo\ValidationsDemo.csproj", "{43609E9C-880A-4605-8FA8-49A453C12FA9}"
EndProject
Project("{9A19103F-16F7-4668-BE54-9A1E7A4F7556}") = "FiltersDemo", "FiltersDemo\FiltersDemo.csproj", "{2E1AA8C7-418A-4BC3-9679-1685431365F2}"
EndProject
Project("{9A19103F-16F7-4668-BE54-9A1E7A4F7556}") = "EFDAL", "EFDAL\EFDAL.csproj", "{1E7E6CBC-886C-4919-B479-F3B9D9D8A26D}"
EndProject
Project("{9A19103F-16F7-4668-BE54-9A1E7A4F7556}") = "EFDALMVCClient", "EFDALMVCClient\EFDALMVCClient.csproj", "{2D179129-B586-4303-B193-3DFD28FC35CA}"
EndProject
Project("{FAE04EC0-301F-11D3-BF4B-00C04F79EFBC}") = "EFDBFirstCRUDDemo", "EFDBFirstCRUDDemo\EFDBFirstCRUDDemo.csproj", "{80981491-1C79-4F20-9F65-949D30E688F6}"
EndProject
Project("{FAE04EC0-301F-11D3-BF4B-00C04F79EFBC}") = "AsyncAwaitDemo", "AsyncAwaitDemo\AsyncAwaitDemo.csproj", "{9E0F1C54-4041-43C9-9CF1-2C133CFC6354}"
EndProject
Project("{FAE04EC0-301F-11D3-BF4B-00C04F79EFBC}") = "EFCodeFirstCRDUDemo", "EFCodeFirstCRDUDemo\EFCodeFirstCRDUDemo.csproj", "{7F0D6A4D-965F-4E6F-A966-09840E6DF6BE}"
EndProject
Global
	GlobalSection(SolutionConfigurationPlatforms) = preSolution
		Debug|Any CPU = Debug|Any CPU
		Release|Any CPU = Release|Any CPU
	EndGlobalSection
	GlobalSection(ProjectConfigurationPlatforms) = postSolution
		{C9023843-DBF5-4057-847C-B55D1733111F}.Debug|Any CPU.ActiveCfg = Debug|Any CPU
		{C9023843-DBF5-4057-847C-B55D1733111F}.Debug|Any CPU.Build.0 = Debug|Any CPU
		{C9023843-DBF5-4057-847C-B55D1733111F}.Release|Any CPU.ActiveCfg = Release|Any CPU
		{C9023843-DBF5-4057-847C-B55D1733111F}.Release|Any CPU.Build.0 = Release|Any CPU
		{08698562-D053-4D37-BB65-55670632C072}.Debug|Any CPU.ActiveCfg = Debug|Any CPU
		{08698562-D053-4D37-BB65-55670632C072}.Debug|Any CPU.Build.0 = Debug|Any CPU
		{08698562-D053-4D37-BB65-55670632C072}.Release|Any CPU.ActiveCfg = Release|Any CPU
		{08698562-D053-4D37-BB65-55670632C072}.Release|Any CPU.Build.0 = Release|Any CPU
		{3AE10985-BD00-4F39-9497-A462A6DD8F85}.Debug|Any CPU.ActiveCfg = Debug|Any CPU
		{3AE10985-BD00-4F39-9497-A462A6DD8F85}.Debug|Any CPU.Build.0 = Debug|Any CPU
		{3AE10985-BD00-4F39-9497-A462A6DD8F85}.Release|Any CPU.ActiveCfg = Release|Any CPU
		{3AE10985-BD00-4F39-9497-A462A6DD8F85}.Release|Any CPU.Build.0 = Release|Any CPU
		{EBAFF7E5-8966-46D8-B901-7363EAD6EAA4}.Debug|Any CPU.ActiveCfg = Debug|Any CPU
		{EBAFF7E5-8966-46D8-B901-7363EAD6EAA4}.Debug|Any CPU.Build.0 = Debug|Any CPU
		{EBAFF7E5-8966-46D8-B901-7363EAD6EAA4}.Release|Any CPU.ActiveCfg = Release|Any CPU
		{EBAFF7E5-8966-46D8-B901-7363EAD6EAA4}.Release|Any CPU.Build.0 = Release|Any CPU
		{D3CA8690-E345-422A-8756-07495C3D5171}.Debug|Any CPU.ActiveCfg = Debug|Any CPU
		{D3CA8690-E345-422A-8756-07495C3D5171}.Debug|Any CPU.Build.0 = Debug|Any CPU
		{D3CA8690-E345-422A-8756-07495C3D5171}.Release|Any CPU.ActiveCfg = Release|Any CPU
		{D3CA8690-E345-422A-8756-07495C3D5171}.Release|Any CPU.Build.0 = Release|Any CPU
		{43609E9C-880A-4605-8FA8-49A453C12FA9}.Debug|Any CPU.ActiveCfg = Debug|Any CPU
		{43609E9C-880A-4605-8FA8-49A453C12FA9}.Debug|Any CPU.Build.0 = Debug|Any CPU
		{43609E9C-880A-4605-8FA8-49A453C12FA9}.Release|Any CPU.ActiveCfg = Release|Any CPU
		{43609E9C-880A-4605-8FA8-49A453C12FA9}.Release|Any CPU.Build.0 = Release|Any CPU
		{2E1AA8C7-418A-4BC3-9679-1685431365F2}.Debug|Any CPU.ActiveCfg = Debug|Any CPU
		{2E1AA8C7-418A-4BC3-9679-1685431365F2}.Debug|Any CPU.Build.0 = Debug|Any CPU
		{2E1AA8C7-418A-4BC3-9679-1685431365F2}.Release|Any CPU.ActiveCfg = Release|Any CPU
		{2E1AA8C7-418A-4BC3-9679-1685431365F2}.Release|Any CPU.Build.0 = Release|Any CPU
		{1E7E6CBC-886C-4919-B479-F3B9D9D8A26D}.Debug|Any CPU.ActiveCfg = Debug|Any CPU
		{1E7E6CBC-886C-4919-B479-F3B9D9D8A26D}.Debug|Any CPU.Build.0 = Debug|Any CPU
		{1E7E6CBC-886C-4919-B479-F3B9D9D8A26D}.Release|Any CPU.ActiveCfg = Release|Any CPU
		{1E7E6CBC-886C-4919-B479-F3B9D9D8A26D}.Release|Any CPU.Build.0 = Release|Any CPU
		{2D179129-B586-4303-B193-3DFD28FC35CA}.Debug|Any CPU.ActiveCfg = Debug|Any CPU
		{2D179129-B586-4303-B193-3DFD28FC35CA}.Debug|Any CPU.Build.0 = Debug|Any CPU
		{2D179129-B586-4303-B193-3DFD28FC35CA}.Release|Any CPU.ActiveCfg = Release|Any CPU
		{2D179129-B586-4303-B193-3DFD28FC35CA}.Release|Any CPU.Build.0 = Release|Any CPU
		{80981491-1C79-4F20-9F65-949D30E688F6}.Debug|Any CPU.ActiveCfg = Debug|Any CPU
		{80981491-1C79-4F20-9F65-949D30E688F6}.Debug|Any CPU.Build.0 = Debug|Any CPU
		{80981491-1C79-4F20-9F65-949D30E688F6}.Release|Any CPU.ActiveCfg = Release|Any CPU
		{80981491-1C79-4F20-9F65-949D30E688F6}.Release|Any CPU.Build.0 = Release|Any CPU
		{9E0F1C54-4041-43C9-9CF1-2C133CFC6354}.Debug|Any CPU.ActiveCfg = Debug|Any CPU
		{9E0F1C54-4041-43C9-9CF1-2C133CFC6354}.Debug|Any CPU.Build.0 = Debug|Any CPU
		{9E0F1C54-4041-43C9-9CF1-2C133CFC6354}.Release|Any CPU.ActiveCfg = Release|Any CPU
		{9E0F1C54-4041-43C9-9CF1-2C133CFC6354}.Release|Any CPU.Build.0 = Release|Any CPU
		{7F0D6A4D-965F-4E6F-A966-09840E6DF6BE}.Debug|Any CPU.ActiveCfg = Debug|Any CPU
		{7F0D6A4D-965F-4E6F-A966-09840E6DF6BE}.Debug|Any CPU.Build.0 = Debug|Any CPU
		{7F0D6A4D-965F-4E6F-A966-09840E6DF6BE}.Release|Any CPU.ActiveCfg = Release|Any CPU
		{7F0D6A4D-965F-4E6F-A966-09840E6DF6BE}.Release|Any CPU.Build.0 = Release|Any CPU
	EndGlobalSection
	GlobalSection(SolutionProperties) = preSolution
		HideSolutionNode = FALSE
	EndGlobalSection
	GlobalSection(ExtensibilityGlobals) = postSolution
		SolutionGuid = {88C8B286-CD62-4A08-92F9-C3D8A824A255}
	EndGlobalSection
EndGlobal
